
Microsoft Visual Studio Solution File, Format Version 12.00
# Visual Studio Version 17
VisualStudioVersion = 17.5.33502.453
MinimumVisualStudioVersion = 10.0.40219.1
Project("{FAE04EC0-301F-11D3-BF4B-00C04F79EFBC}") = "HealthMindApi", "HealthMindApi\HealthMindApi.csproj", "{24EE27FB-77F0-445B-B561-86A0D56C5031}"
EndProject
Global
	GlobalSection(SolutionConfigurationPlatforms) = preSolution
		Debug|Any CPU = Debug|Any CPU
		Release|Any CPU = Release|Any CPU
	EndGlobalSection
	GlobalSection(ProjectConfigurationPlatforms) = postSolution
		{24EE27FB-77F0-445B-B561-86A0D56C5031}.Debug|Any CPU.ActiveCfg = Debug|Any CPU
		{24EE27FB-77F0-445B-B561-86A0D56C5031}.Debug|Any CPU.Build.0 = Debug|Any CPU
		{24EE27FB-77F0-445B-B561-86A0D56C5031}.Release|Any CPU.ActiveCfg = Release|Any CPU
		{24EE27FB-77F0-445B-B561-86A0D56C5031}.Release|Any CPU.Build.0 = Release|Any CPU
	EndGlobalSection
	GlobalSection(SolutionProperties) = preSolution
		HideSolutionNode = FALSE
	EndGlobalSection
	GlobalSection(ExtensibilityGlobals) = postSolution
		SolutionGuid = {4876D021-F777-4E33-BA34-B28839582CD6}
	EndGlobalSection
EndGlobal
